
Microsoft Visual Studio Solution File, Format Version 12.00
# Visual Studio Version 16
VisualStudioVersion = 16.0.29609.76
MinimumVisualStudioVersion = 10.0.40219.1
Project("{FAE04EC0-301F-11D3-BF4B-00C04F79EFBC}") = "OnlineStore", "OnlineStore\OnlineStore.csproj", "{B8FF184C-6039-4695-841E-D78FB4F3D1BE}"
EndProject
Global
	GlobalSection(SolutionConfigurationPlatforms) = preSolution
		Debug|Any CPU = Debug|Any CPU
		Release|Any CPU = Release|Any CPU
	EndGlobalSection
	GlobalSection(ProjectConfigurationPlatforms) = postSolution
		{B8FF184C-6039-4695-841E-D78FB4F3D1BE}.Debug|Any CPU.ActiveCfg = Debug|Any CPU
		{B8FF184C-6039-4695-841E-D78FB4F3D1BE}.Debug|Any CPU.Build.0 = Debug|Any CPU
		{B8FF184C-6039-4695-841E-D78FB4F3D1BE}.Release|Any CPU.ActiveCfg = Release|Any CPU
		{B8FF184C-6039-4695-841E-D78FB4F3D1BE}.Release|Any CPU.Build.0 = Release|Any CPU
	EndGlobalSection
	GlobalSection(SolutionProperties) = preSolution
		HideSolutionNode = FALSE
	EndGlobalSection
	GlobalSection(ExtensibilityGlobals) = postSolution
		SolutionGuid = {26855770-C72F-425D-AB36-224A4F742B16}
	EndGlobalSection
EndGlobal
